// !$*UTF8*$!
{
	archiveVersion = 1;
	classes = {
	};
	objectVersion = 46;
	objects = {

/* Begin PBXBuildFile section */
		BCA662471E8D025E0007E370 /* main.m in Sources */ = {isa = PBXBuildFile; fileRef = BCA662461E8D025E0007E370 /* main.m */; };
		BCA6624A1E8D025E0007E370 /* AppDelegate.m in Sources */ = {isa = PBXBuildFile; fileRef = BCA662491E8D025E0007E370 /* AppDelegate.m */; };
		BCA662521E8D025E0007E370 /* Assets.xcassets in Resources */ = {isa = PBXBuildFile; fileRef = BCA662511E8D025E0007E370 /* Assets.xcassets */; };
		BCA662551E8D025E0007E370 /* LaunchScreen.storyboard in Resources */ = {isa = PBXBuildFile; fileRef = BCA662531E8D025E0007E370 /* LaunchScreen.storyboard */; };
		BCA662611E8D03A80007E370 /* BNRHypnosisView.m in Sources */ = {isa = PBXBuildFile; fileRef = BCA662601E8D03A80007E370 /* BNRHypnosisView.m */; };
		BCA662641E8D03FE0007E370 /* BNRHypnosisViewController.m in Sources */ = {isa = PBXBuildFile; fileRef = BCA662631E8D03FE0007E370 /* BNRHypnosisViewController.m */; };
		BCA662671E8D07740007E370 /* BNRReminderViewController.m in Sources */ = {isa = PBXBuildFile; fileRef = BCA662661E8D07740007E370 /* BNRReminderViewController.m */; };
		BCA6626B1E8D092D0007E370 /* BNRReminderViewController.xib in Resources */ = {isa = PBXBuildFile; fileRef = BCA6626A1E8D092D0007E370 /* BNRReminderViewController.xib */; };
		BCA6626F1E8D20CE0007E370 /* BNRQuizViewController.m in Sources */ = {isa = PBXBuildFile; fileRef = BCA6626D1E8D20CE0007E370 /* BNRQuizViewController.m */; };
		BCA662701E8D20CE0007E370 /* BNRQuizViewController.xib in Resources */ = {isa = PBXBuildFile; fileRef = BCA6626E1E8D20CE0007E370 /* BNRQuizViewController.xib */; };
/* End PBXBuildFile section */

/* Begin PBXFileReference section */
		BCA662421E8D025E0007E370 /* HypnoNerd.app */ = {isa = PBXFileReference; explicitFileType = wrapper.application; includeInIndex = 0; path = HypnoNerd.app; sourceTree = BUILT_PRODUCTS_DIR; };
		BCA662461E8D025E0007E370 /* main.m */ = {isa = PBXFileReference; lastKnownFileType = sourcecode.c.objc; path = main.m; sourceTree = "<group>"; };
		BCA662481E8D025E0007E370 /* AppDelegate.h */ = {isa = PBXFileReference; lastKnownFileType = sourcecode.c.h; path = AppDelegate.h; sourceTree = "<group>"; };
		BCA662491E8D025E0007E370 /* AppDelegate.m */ = {isa = PBXFileReference; lastKnownFileType = sourcecode.c.objc; path = AppDelegate.m; sourceTree = "<group>"; };
		BCA662511E8D025E0007E370 /* Assets.xcassets */ = {isa = PBXFileReference; lastKnownFileType = folder.assetcatalog; path = Assets.xcassets; sourceTree = "<group>"; };
		BCA662541E8D025E0007E370 /* Base */ = {isa = PBXFileReference; lastKnownFileType = file.storyboard; name = Base; path = Base.lproj/LaunchScreen.storyboard; sourceTree = "<group>"; };
		BCA662561E8D025E0007E370 /* Info.plist */ = {isa = PBXFileReference; lastKnownFileType = text.plist.xml; path = Info.plist; sourceTree = "<group>"; };
		BCA6625F1E8D03A80007E370 /* BNRHypnosisView.h */ = {isa = PBXFileReference; fileEncoding = 4; lastKnownFileType = sourcecode.c.h; path = BNRHypnosisView.h; sourceTree = "<group>"; };
		BCA662601E8D03A80007E370 /* BNRHypnosisView.m */ = {isa = PBXFileReference; fileEncoding = 4; lastKnownFileType = sourcecode.c.objc; path = BNRHypnosisView.m; sourceTree = "<group>"; };
		BCA662621E8D03FE0007E370 /* BNRHypnosisViewController.h */ = {isa = PBXFileReference; fileEncoding = 4; lastKnownFileType = sourcecode.c.h; path = BNRHypnosisViewController.h; sourceTree = "<group>"; };
		BCA662631E8D03FE0007E370 /* BNRHypnosisViewController.m */ = {isa = PBXFileReference; fileEncoding = 4; lastKnownFileType = sourcecode.c.objc; path = BNRHypnosisViewController.m; sourceTree = "<group>"; };
		BCA662651E8D07740007E370 /* BNRReminderViewController.h */ = {isa = PBXFileReference; fileEncoding = 4; lastKnownFileType = sourcecode.c.h; path = BNRReminderViewController.h; sourceTree = "<group>"; };
		BCA662661E8D07740007E370 /* BNRReminderViewController.m */ = {isa = PBXFileReference; fileEncoding = 4; lastKnownFileType = sourcecode.c.objc; path = BNRReminderViewController.m; sourceTree = "<group>"; };
		BCA6626A1E8D092D0007E370 /* BNRReminderViewController.xib */ = {isa = PBXFileReference; fileEncoding = 4; lastKnownFileType = file.xib; path = BNRReminderViewController.xib; sourceTree = "<group>"; };
		BCA6626C1E8D20CE0007E370 /* BNRQuizViewController.h */ = {isa = PBXFileReference; fileEncoding = 4; lastKnownFileType = sourcecode.c.h; path = BNRQuizViewController.h; sourceTree = "<group>"; };
		BCA6626D1E8D20CE0007E370 /* BNRQuizViewController.m */ = {isa = PBXFileReference; fileEncoding = 4; lastKnownFileType = sourcecode.c.objc; path = BNRQuizViewController.m; sourceTree = "<group>"; };
		BCA6626E1E8D20CE0007E370 /* BNRQuizViewController.xib */ = {isa = PBXFileReference; fileEncoding = 4; lastKnownFileType = file.xib; path = BNRQuizViewController.xib; sourceTree = "<group>"; };
/* End PBXFileReference section */

/* Begin PBXFrameworksBuildPhase section */
		BCA6623F1E8D025D0007E370 /* Frameworks */ = {
			isa = PBXFrameworksBuildPhase;
			buildActionMask = 2147483647;
			files = (
			);
			runOnlyForDeploymentPostprocessing = 0;
		};
/* End PBXFrameworksBuildPhase section */

/* Begin PBXGroup section */
		BCA662391E8D025D0007E370 = {
			isa = PBXGroup;
			children = (
				BCA662441E8D025E0007E370 /* HypnoNerd */,
				BCA662431E8D025E0007E370 /* Products */,
			);
			sourceTree = "<group>";
		};
		BCA662431E8D025E0007E370 /* Products */ = {
			isa = PBXGroup;
			children = (
				BCA662421E8D025E0007E370 /* HypnoNerd.app */,
			);
			name = Products;
			sourceTree = "<group>";
		};
		BCA662441E8D025E0007E370 /* HypnoNerd */ = {
			isa = PBXGroup;
			children = (
				BCA662481E8D025E0007E370 /* AppDelegate.h */,
				BCA662491E8D025E0007E370 /* AppDelegate.m */,
				BCA6625F1E8D03A80007E370 /* BNRHypnosisView.h */,
				BCA662601E8D03A80007E370 /* BNRHypnosisView.m */,
				BCA662741E8D21100007E370 /* Hypnosis */,
				BCA662721E8D20E70007E370 /* Reminder */,
				BCA662731E8D21000007E370 /* Quiz */,
				BCA662511E8D025E0007E370 /* Assets.xcassets */,
				BCA662531E8D025E0007E370 /* LaunchScreen.storyboard */,
				BCA662561E8D025E0007E370 /* Info.plist */,
				BCA662451E8D025E0007E370 /* Supporting Files */,
			);
			path = HypnoNerd;
			sourceTree = "<group>";
		};
		BCA662451E8D025E0007E370 /* Supporting Files */ = {
			isa = PBXGroup;
			children = (
				BCA662461E8D025E0007E370 /* main.m */,
			);
			name = "Supporting Files";
			sourceTree = "<group>";
		};
		BCA662721E8D20E70007E370 /* Reminder */ = {
			isa = PBXGroup;
			children = (
				BCA662651E8D07740007E370 /* BNRReminderViewController.h */,
				BCA662661E8D07740007E370 /* BNRReminderViewController.m */,
				BCA6626A1E8D092D0007E370 /* BNRReminderViewController.xib */,
			);
			name = Reminder;
			sourceTree = "<group>";
		};
		BCA662731E8D21000007E370 /* Quiz */ = {
			isa = PBXGroup;
			children = (
				BCA6626C1E8D20CE0007E370 /* BNRQuizViewController.h */,
				BCA6626D1E8D20CE0007E370 /* BNRQuizViewController.m */,
				BCA6626E1E8D20CE0007E370 /* BNRQuizViewController.xib */,
			);
			name = Quiz;
			sourceTree = "<group>";
		};
		BCA662741E8D21100007E370 /* Hypnosis */ = {
			isa = PBXGroup;
			children = (
				BCA662621E8D03FE0007E370 /* BNRHypnosisViewController.h */,
				BCA662631E8D03FE0007E370 /* BNRHypnosisViewController.m */,
			);
			name = Hypnosis;
			sourceTree = "<group>";
		};
/* End PBXGroup section */

/* Begin PBXNativeTarget section */
		BCA662411E8D025D0007E370 /* HypnoNerd */ = {
			isa = PBXNativeTarget;
			buildConfigurationList = BCA662591E8D025E0007E370 /* Build configuration list for PBXNativeTarget "HypnoNerd" */;
			buildPhases = (
				BCA6623E1E8D025D0007E370 /* Sources */,
				BCA6623F1E8D025D0007E370 /* Frameworks */,
				BCA662401E8D025D0007E370 /* Resources */,
			);
			buildRules = (
			);
			dependencies = (
			);
			name = HypnoNerd;
			productName = HypnoNerd;
			productReference = BCA662421E8D025E0007E370 /* HypnoNerd.app */;
			productType = "com.apple.product-type.application";
		};
/* End PBXNativeTarget section */

/* Begin PBXProject section */
		BCA6623A1E8D025D0007E370 /* Project object */ = {
			isa = PBXProject;
			attributes = {
				LastUpgradeCheck = 0820;
				ORGANIZATIONNAME = unimelb;
				TargetAttributes = {
					BCA662411E8D025D0007E370 = {
						CreatedOnToolsVersion = 8.2.1;
						DevelopmentTeam = UFCM2756LW;
						ProvisioningStyle = Automatic;
					};
				};
			};
			buildConfigurationList = BCA6623D1E8D025D0007E370 /* Build configuration list for PBXProject "HypnoNerd" */;
			compatibilityVersion = "Xcode 3.2";
			developmentRegion = English;
			hasScannedForEncodings = 0;
			knownRegions = (
				en,
				Base,
			);
			mainGroup = BCA662391E8D025D0007E370;
			productRefGroup = BCA662431E8D025E0007E370 /* Products */;
			projectDirPath = "";
			projectRoot = "";
			targets = (
				BCA662411E8D025D0007E370 /* HypnoNerd */,
			);
		};
/* End PBXProject section */

/* Begin PBXResourcesBuildPhase section */
		BCA662401E8D025D0007E370 /* Resources */ = {
			isa = PBXResourcesBuildPhase;
			buildActionMask = 2147483647;
			files = (
				BCA662701E8D20CE0007E370 /* BNRQuizViewController.xib in Resources */,
				BCA6626B1E8D092D0007E370 /* BNRReminderViewController.xib in Resources */,
				BCA662551E8D025E0007E370 /* LaunchScreen.storyboard in Resources */,
				BCA662521E8D025E0007E370 /* Assets.xcassets in Resources */,
			);
			runOnlyForDeploymentPostprocessing = 0;
		};
/* End PBXResourcesBuildPhase section */

/* Begin PBXSourcesBuildPhase section */
		BCA6623E1E8D025D0007E370 /* Sources */ = {
			isa = PBXSourcesBuildPhase;
			buildActionMask = 2147483647;
			files = (
				BCA662641E8D03FE0007E370 /* BNRHypnosisViewController.m in Sources */,
				BCA6624A1E8D025E0007E370 /* AppDelegate.m in Sources */,
				BCA6626F1E8D20CE0007E370 /* BNRQuizViewController.m in Sources */,
				BCA662471E8D025E0007E370 /* main.m in Sources */,
				BCA662671E8D07740007E370 /* BNRReminderViewController.m in Sources */,
				BCA662611E8D03A80007E370 /* BNRHypnosisView.m in Sources */,
			);
			runOnlyForDeploymentPostprocessing = 0;
		};
/* End PBXSourcesBuildPhase section */

/* Begin PBXVariantGroup section */
		BCA662531E8D025E0007E370 /* LaunchScreen.storyboard */ = {
			isa = PBXVariantGroup;
			children = (
				BCA662541E8D025E0007E370 /* Base */,
			);
			name = LaunchScreen.storyboard;
			sourceTree = "<group>";
		};
/* End PBXVariantGroup section */

/* Begin XCBuildConfiguration section */
		BCA662571E8D025E0007E370 /* Debug */ = {
			isa = XCBuildConfiguration;
			buildSettings = {
				ALWAYS_SEARCH_USER_PATHS = NO;
				CLANG_ANALYZER_NONNULL = YES;
				CLANG_CXX_LANGUAGE_STANDARD = "gnu++0x";
				CLANG_CXX_LIBRARY = "libc++";
				CLANG_ENABLE_MODULES = YES;
				CLANG_ENABLE_OBJC_ARC = YES;
				CLANG_WARN_BOOL_CONVERSION = YES;
				CLANG_WARN_CONSTANT_CONVERSION = YES;
				CLANG_WARN_DIRECT_OBJC_ISA_USAGE = YES_ERROR;
				CLANG_WARN_DOCUMENTATION_COMMENTS = YES;
				CLANG_WARN_EMPTY_BODY = YES;
				CLANG_WARN_ENUM_CONVERSION = YES;
				CLANG_WARN_INFINITE_RECURSION = YES;
				CLANG_WARN_INT_CONVERSION = YES;
				CLANG_WARN_OBJC_ROOT_CLASS = YES_ERROR;
				CLANG_WARN_SUSPICIOUS_MOVE = YES;
				CLANG_WARN_UNREACHABLE_CODE = YES;
				CLANG_WARN__DUPLICATE_METHOD_MATCH = YES;
				"CODE_SIGN_IDENTITY[sdk=iphoneos*]" = "iPhone Developer";
				COPY_PHASE_STRIP = NO;
				DEBUG_INFORMATION_FORMAT = dwarf;
				ENABLE_STRICT_OBJC_MSGSEND = YES;
				ENABLE_TESTABILITY = YES;
				GCC_C_LANGUAGE_STANDARD = gnu99;
				GCC_DYNAMIC_NO_PIC = NO;
				GCC_NO_COMMON_BLOCKS = YES;
				GCC_OPTIMIZATION_LEVEL = 0;
				GCC_PREPROCESSOR_DEFINITIONS = (
					"DEBUG=1",
					"$(inherited)",
				);
				GCC_WARN_64_TO_32_BIT_CONVERSION = YES;
				GCC_WARN_ABOUT_RETURN_TYPE = YES_ERROR;
				GCC_WARN_UNDECLARED_SELECTOR = YES;
				GCC_WARN_UNINITIALIZED_AUTOS = YES_AGGRESSIVE;
				GCC_WARN_UNUSED_FUNCTION = YES;
				GCC_WARN_UNUSED_VARIABLE = YES;
				IPHONEOS_DEPLOYMENT_TARGET = 10.2;
				MTL_ENABLE_DEBUG_INFO = YES;
				ONLY_ACTIVE_ARCH = YES;
				SDKROOT = iphoneos;
			};
			name = Debug;
		};
		BCA662581E8D025E0007E370 /* Release */ = {
			isa = XCBuildConfiguration;
			buildSettings = {
				ALWAYS_SEARCH_USER_PATHS = NO;
				CLANG_ANALYZER_NONNULL = YES;
				CLANG_CXX_LANGUAGE_STANDARD = "gnu++0x";
				CLANG_CXX_LIBRARY = "libc++";
				CLANG_ENABLE_MODULES = YES;
				CLANG_ENABLE_OBJC_ARC = YES;
				CLANG_WARN_BOOL_CONVERSION = YES;
				CLANG_WARN_CONSTANT_CONVERSION = YES;
				CLANG_WARN_DIRECT_OBJC_ISA_USAGE = YES_ERROR;
				CLANG_WARN_DOCUMENTATION_COMMENTS = YES;
				CLANG_WARN_EMPTY_BODY = YES;
				CLANG_WARN_ENUM_CONVERSION = YES;
				CLANG_WARN_INFINITE_RECURSION = YES;
				CLANG_WARN_INT_CONVERSION = YES;
				CLANG_WARN_OBJC_ROOT_CLASS = YES_ERROR;
				CLANG_WARN_SUSPICIOUS_MOVE = YES;
				CLANG_WARN_UNREACHABLE_CODE = YES;
				CLANG_WARN__DUPLICATE_METHOD_MATCH = YES;
				"CODE_SIGN_IDENTITY[sdk=iphoneos*]" = "iPhone Developer";
				COPY_PHASE_STRIP = NO;
				DEBUG_INFORMATION_FORMAT = "dwarf-with-dsym";
				ENABLE_NS_ASSERTIONS = NO;
				ENABLE_STRICT_OBJC_MSGSEND = YES;
				GCC_C_LANGUAGE_STANDARD = gnu99;
				GCC_NO_COMMON_BLOCKS = YES;
				GCC_WARN_64_TO_32_BIT_CONVERSION = YES;
				GCC_WARN_ABOUT_RETURN_TYPE = YES_ERROR;
				GCC_WARN_UNDECLARED_SELECTOR = YES;
				GCC_WARN_UNINITIALIZED_AUTOS = YES_AGGRESSIVE;
				GCC_WARN_UNUSED_FUNCTION = YES;
				GCC_WARN_UNUSED_VARIABLE = YES;
				IPHONEOS_DEPLOYMENT_TARGET = 10.2;
				MTL_ENABLE_DEBUG_INFO = NO;
				SDKROOT = iphoneos;
				VALIDATE_PRODUCT = YES;
			};
			name = Release;
		};
		BCA6625A1E8D025E0007E370 /* Debug */ = {
			isa = XCBuildConfiguration;
			buildSettings = {
				ASSETCATALOG_COMPILER_APPICON_NAME = AppIcon;
				DEVELOPMENT_TEAM = UFCM2756LW;
				INFOPLIST_FILE = HypnoNerd/Info.plist;
				IPHONEOS_DEPLOYMENT_TARGET = 9.3;
				LD_RUNPATH_SEARCH_PATHS = "$(inherited) @executable_path/Frameworks";
				PRODUCT_BUNDLE_IDENTIFIER = au.edu.unimelb.HypnoNerd;
				PRODUCT_NAME = "$(TARGET_NAME)";
			};
			name = Debug;
		};
		BCA6625B1E8D025E0007E370 /* Release */ = {
			isa = XCBuildConfiguration;
			buildSettings = {
				ASSETCATALOG_COMPILER_APPICON_NAME = AppIcon;
				DEVELOPMENT_TEAM = UFCM2756LW;
				INFOPLIST_FILE = HypnoNerd/Info.plist;
				IPHONEOS_DEPLOYMENT_TARGET = 9.3;
				LD_RUNPATH_SEARCH_PATHS = "$(inherited) @executable_path/Frameworks";
				PRODUCT_BUNDLE_IDENTIFIER = au.edu.unimelb.HypnoNerd;
				PRODUCT_NAME = "$(TARGET_NAME)";
			};
			name = Release;
		};
/* End XCBuildConfiguration section */

/* Begin XCConfigurationList section */
		BCA6623D1E8D025D0007E370 /* Build configuration list for PBXProject "HypnoNerd" */ = {
			isa = XCConfigurationList;
			buildConfigurations = (
				BCA662571E8D025E0007E370 /* Debug */,
				BCA662581E8D025E0007E370 /* Release */,
			);
			defaultConfigurationIsVisible = 0;
			defaultConfigurationName = Release;
		};
		BCA662591E8D025E0007E370 /* Build configuration list for PBXNativeTarget "HypnoNerd" */ = {
			isa = XCConfigurationList;
			buildConfigurations = (
				BCA6625A1E8D025E0007E370 /* Debug */,
				BCA6625B1E8D025E0007E370 /* Release */,
			);
			defaultConfigurationIsVisible = 0;
		};
/* End XCConfigurationList section */
	};
	rootObject = BCA6623A1E8D025D0007E370 /* Project object */;
}
