// !$*UTF8*$!
{
	archiveVersion = 1;
	classes = {
	};
	objectVersion = 46;
	objects = {

/* Begin PBXBuildFile section */
		BC1B082E1E90C73200147CC2 /* BNRDetailViewController.m in Sources */ = {isa = PBXBuildFile; fileRef = BC1B082C1E90C73200147CC2 /* BNRDetailViewController.m */; };
		BC1B082F1E90C73200147CC2 /* BNRDetailViewController.xib in Resources */ = {isa = PBXBuildFile; fileRef = BC1B082D1E90C73200147CC2 /* BNRDetailViewController.xib */; };
		BC1B08371E9253DD00147CC2 /* BNRImageStore.m in Sources */ = {isa = PBXBuildFile; fileRef = BC1B08361E9253DD00147CC2 /* BNRImageStore.m */; };
		BCA662BC1E8E38BD0007E370 /* main.m in Sources */ = {isa = PBXBuildFile; fileRef = BCA662BB1E8E38BD0007E370 /* main.m */; };
		BCA662BF1E8E38BD0007E370 /* AppDelegate.m in Sources */ = {isa = PBXBuildFile; fileRef = BCA662BE1E8E38BD0007E370 /* AppDelegate.m */; };
		BCA662C71E8E38BD0007E370 /* Assets.xcassets in Resources */ = {isa = PBXBuildFile; fileRef = BCA662C61E8E38BD0007E370 /* Assets.xcassets */; };
		BCA662CA1E8E38BD0007E370 /* LaunchScreen.storyboard in Resources */ = {isa = PBXBuildFile; fileRef = BCA662C81E8E38BD0007E370 /* LaunchScreen.storyboard */; };
		BCA662D31E8E39B40007E370 /* BNRItemsViewController.m in Sources */ = {isa = PBXBuildFile; fileRef = BCA662D21E8E39B40007E370 /* BNRItemsViewController.m */; };
		BCA662D61E8E3C840007E370 /* BNRItem.m in Sources */ = {isa = PBXBuildFile; fileRef = BCA662D51E8E3C840007E370 /* BNRItem.m */; };
		BCA662D91E8E3D240007E370 /* BNRItemStore.m in Sources */ = {isa = PBXBuildFile; fileRef = BCA662D81E8E3D240007E370 /* BNRItemStore.m */; };
		BCA662DB1E8E50340007E370 /* HeaderView.xib in Resources */ = {isa = PBXBuildFile; fileRef = BCA662DA1E8E50340007E370 /* HeaderView.xib */; };
/* End PBXBuildFile section */

/* Begin PBXFileReference section */
		BC1B082B1E90C73200147CC2 /* BNRDetailViewController.h */ = {isa = PBXFileReference; fileEncoding = 4; lastKnownFileType = sourcecode.c.h; path = BNRDetailViewController.h; sourceTree = "<group>"; };
		BC1B082C1E90C73200147CC2 /* BNRDetailViewController.m */ = {isa = PBXFileReference; fileEncoding = 4; lastKnownFileType = sourcecode.c.objc; path = BNRDetailViewController.m; sourceTree = "<group>"; };
		BC1B082D1E90C73200147CC2 /* BNRDetailViewController.xib */ = {isa = PBXFileReference; fileEncoding = 4; lastKnownFileType = file.xib; path = BNRDetailViewController.xib; sourceTree = "<group>"; };
		BC1B08351E9253DD00147CC2 /* BNRImageStore.h */ = {isa = PBXFileReference; fileEncoding = 4; lastKnownFileType = sourcecode.c.h; path = BNRImageStore.h; sourceTree = "<group>"; };
		BC1B08361E9253DD00147CC2 /* BNRImageStore.m */ = {isa = PBXFileReference; fileEncoding = 4; lastKnownFileType = sourcecode.c.objc; path = BNRImageStore.m; sourceTree = "<group>"; };
		BCA662B71E8E38BD0007E370 /* Homepwner.app */ = {isa = PBXFileReference; explicitFileType = wrapper.application; includeInIndex = 0; path = Homepwner.app; sourceTree = BUILT_PRODUCTS_DIR; };
		BCA662BB1E8E38BD0007E370 /* main.m */ = {isa = PBXFileReference; lastKnownFileType = sourcecode.c.objc; path = main.m; sourceTree = "<group>"; };
		BCA662BD1E8E38BD0007E370 /* AppDelegate.h */ = {isa = PBXFileReference; lastKnownFileType = sourcecode.c.h; path = AppDelegate.h; sourceTree = "<group>"; };
		BCA662BE1E8E38BD0007E370 /* AppDelegate.m */ = {isa = PBXFileReference; lastKnownFileType = sourcecode.c.objc; path = AppDelegate.m; sourceTree = "<group>"; };
		BCA662C61E8E38BD0007E370 /* Assets.xcassets */ = {isa = PBXFileReference; lastKnownFileType = folder.assetcatalog; path = Assets.xcassets; sourceTree = "<group>"; };
		BCA662C91E8E38BD0007E370 /* Base */ = {isa = PBXFileReference; lastKnownFileType = file.storyboard; name = Base; path = Base.lproj/LaunchScreen.storyboard; sourceTree = "<group>"; };
		BCA662CB1E8E38BD0007E370 /* Info.plist */ = {isa = PBXFileReference; lastKnownFileType = text.plist.xml; path = Info.plist; sourceTree = "<group>"; };
		BCA662D11E8E39B40007E370 /* BNRItemsViewController.h */ = {isa = PBXFileReference; fileEncoding = 4; lastKnownFileType = sourcecode.c.h; path = BNRItemsViewController.h; sourceTree = "<group>"; };
		BCA662D21E8E39B40007E370 /* BNRItemsViewController.m */ = {isa = PBXFileReference; fileEncoding = 4; lastKnownFileType = sourcecode.c.objc; path = BNRItemsViewController.m; sourceTree = "<group>"; };
		BCA662D41E8E3C840007E370 /* BNRItem.h */ = {isa = PBXFileReference; fileEncoding = 4; lastKnownFileType = sourcecode.c.h; path = BNRItem.h; sourceTree = "<group>"; };
		BCA662D51E8E3C840007E370 /* BNRItem.m */ = {isa = PBXFileReference; fileEncoding = 4; lastKnownFileType = sourcecode.c.objc; path = BNRItem.m; sourceTree = "<group>"; };
		BCA662D71E8E3D240007E370 /* BNRItemStore.h */ = {isa = PBXFileReference; fileEncoding = 4; lastKnownFileType = sourcecode.c.h; path = BNRItemStore.h; sourceTree = "<group>"; };
		BCA662D81E8E3D240007E370 /* BNRItemStore.m */ = {isa = PBXFileReference; fileEncoding = 4; lastKnownFileType = sourcecode.c.objc; path = BNRItemStore.m; sourceTree = "<group>"; };
		BCA662DA1E8E50340007E370 /* HeaderView.xib */ = {isa = PBXFileReference; fileEncoding = 4; lastKnownFileType = file.xib; path = HeaderView.xib; sourceTree = "<group>"; };
/* End PBXFileReference section */

/* Begin PBXFrameworksBuildPhase section */
		BCA662B41E8E38BD0007E370 /* Frameworks */ = {
			isa = PBXFrameworksBuildPhase;
			buildActionMask = 2147483647;
			files = (
			);
			runOnlyForDeploymentPostprocessing = 0;
		};
/* End PBXFrameworksBuildPhase section */

/* Begin PBXGroup section */
		BC1B08381E9253F800147CC2 /* Model */ = {
			isa = PBXGroup;
			children = (
				BC1B08351E9253DD00147CC2 /* BNRImageStore.h */,
				BC1B08361E9253DD00147CC2 /* BNRImageStore.m */,
				BCA662D71E8E3D240007E370 /* BNRItemStore.h */,
				BCA662D81E8E3D240007E370 /* BNRItemStore.m */,
			);
			name = Model;
			sourceTree = "<group>";
		};
		BCA662AE1E8E38BD0007E370 = {
			isa = PBXGroup;
			children = (
				BCA662B91E8E38BD0007E370 /* Homepwner */,
				BCA662B81E8E38BD0007E370 /* Products */,
			);
			sourceTree = "<group>";
		};
		BCA662B81E8E38BD0007E370 /* Products */ = {
			isa = PBXGroup;
			children = (
				BCA662B71E8E38BD0007E370 /* Homepwner.app */,
			);
			name = Products;
			sourceTree = "<group>";
		};
		BCA662B91E8E38BD0007E370 /* Homepwner */ = {
			isa = PBXGroup;
			children = (
				BCA662BD1E8E38BD0007E370 /* AppDelegate.h */,
				BCA662BE1E8E38BD0007E370 /* AppDelegate.m */,
				BCA662C61E8E38BD0007E370 /* Assets.xcassets */,
				BCA662C81E8E38BD0007E370 /* LaunchScreen.storyboard */,
				BCA662CB1E8E38BD0007E370 /* Info.plist */,
				BCA662BA1E8E38BD0007E370 /* Supporting Files */,
				BCA662D41E8E3C840007E370 /* BNRItem.h */,
				BCA662D51E8E3C840007E370 /* BNRItem.m */,
				BC1B08381E9253F800147CC2 /* Model */,
				BCA662D11E8E39B40007E370 /* BNRItemsViewController.h */,
				BCA662D21E8E39B40007E370 /* BNRItemsViewController.m */,
				BCA662DA1E8E50340007E370 /* HeaderView.xib */,
				BC1B082B1E90C73200147CC2 /* BNRDetailViewController.h */,
				BC1B082C1E90C73200147CC2 /* BNRDetailViewController.m */,
				BC1B082D1E90C73200147CC2 /* BNRDetailViewController.xib */,
			);
			path = Homepwner;
			sourceTree = "<group>";
		};
		BCA662BA1E8E38BD0007E370 /* Supporting Files */ = {
			isa = PBXGroup;
			children = (
				BCA662BB1E8E38BD0007E370 /* main.m */,
			);
			name = "Supporting Files";
			sourceTree = "<group>";
		};
/* End PBXGroup section */

/* Begin PBXNativeTarget section */
		BCA662B61E8E38BD0007E370 /* Homepwner */ = {
			isa = PBXNativeTarget;
			buildConfigurationList = BCA662CE1E8E38BD0007E370 /* Build configuration list for PBXNativeTarget "Homepwner" */;
			buildPhases = (
				BCA662B31E8E38BD0007E370 /* Sources */,
				BCA662B41E8E38BD0007E370 /* Frameworks */,
				BCA662B51E8E38BD0007E370 /* Resources */,
			);
			buildRules = (
			);
			dependencies = (
			);
			name = Homepwner;
			productName = Homepwner;
			productReference = BCA662B71E8E38BD0007E370 /* Homepwner.app */;
			productType = "com.apple.product-type.application";
		};
/* End PBXNativeTarget section */

/* Begin PBXProject section */
		BCA662AF1E8E38BD0007E370 /* Project object */ = {
			isa = PBXProject;
			attributes = {
				LastUpgradeCheck = 0820;
				ORGANIZATIONNAME = unimelb;
				TargetAttributes = {
					BCA662B61E8E38BD0007E370 = {
						CreatedOnToolsVersion = 8.2.1;
						DevelopmentTeam = UFCM2756LW;
						ProvisioningStyle = Automatic;
					};
				};
			};
			buildConfigurationList = BCA662B21E8E38BD0007E370 /* Build configuration list for PBXProject "Homepwner" */;
			compatibilityVersion = "Xcode 3.2";
			developmentRegion = English;
			hasScannedForEncodings = 0;
			knownRegions = (
				en,
				Base,
			);
			mainGroup = BCA662AE1E8E38BD0007E370;
			productRefGroup = BCA662B81E8E38BD0007E370 /* Products */;
			projectDirPath = "";
			projectRoot = "";
			targets = (
				BCA662B61E8E38BD0007E370 /* Homepwner */,
			);
		};
/* End PBXProject section */

/* Begin PBXResourcesBuildPhase section */
		BCA662B51E8E38BD0007E370 /* Resources */ = {
			isa = PBXResourcesBuildPhase;
			buildActionMask = 2147483647;
			files = (
				BC1B082F1E90C73200147CC2 /* BNRDetailViewController.xib in Resources */,
				BCA662CA1E8E38BD0007E370 /* LaunchScreen.storyboard in Resources */,
				BCA662C71E8E38BD0007E370 /* Assets.xcassets in Resources */,
				BCA662DB1E8E50340007E370 /* HeaderView.xib in Resources */,
			);
			runOnlyForDeploymentPostprocessing = 0;
		};
/* End PBXResourcesBuildPhase section */

/* Begin PBXSourcesBuildPhase section */
		BCA662B31E8E38BD0007E370 /* Sources */ = {
			isa = PBXSourcesBuildPhase;
			buildActionMask = 2147483647;
			files = (
				BC1B082E1E90C73200147CC2 /* BNRDetailViewController.m in Sources */,
				BCA662D91E8E3D240007E370 /* BNRItemStore.m in Sources */,
				BC1B08371E9253DD00147CC2 /* BNRImageStore.m in Sources */,
				BCA662D31E8E39B40007E370 /* BNRItemsViewController.m in Sources */,
				BCA662D61E8E3C840007E370 /* BNRItem.m in Sources */,
				BCA662BF1E8E38BD0007E370 /* AppDelegate.m in Sources */,
				BCA662BC1E8E38BD0007E370 /* main.m in Sources */,
			);
			runOnlyForDeploymentPostprocessing = 0;
		};
/* End PBXSourcesBuildPhase section */

/* Begin PBXVariantGroup section */
		BCA662C81E8E38BD0007E370 /* LaunchScreen.storyboard */ = {
			isa = PBXVariantGroup;
			children = (
				BCA662C91E8E38BD0007E370 /* Base */,
			);
			name = LaunchScreen.storyboard;
			sourceTree = "<group>";
		};
/* End PBXVariantGroup section */

/* Begin XCBuildConfiguration section */
		BCA662CC1E8E38BD0007E370 /* Debug */ = {
			isa = XCBuildConfiguration;
			buildSettings = {
				ALWAYS_SEARCH_USER_PATHS = NO;
				CLANG_ANALYZER_NONNULL = YES;
				CLANG_CXX_LANGUAGE_STANDARD = "gnu++0x";
				CLANG_CXX_LIBRARY = "libc++";
				CLANG_ENABLE_MODULES = YES;
				CLANG_ENABLE_OBJC_ARC = YES;
				CLANG_WARN_BOOL_CONVERSION = YES;
				CLANG_WARN_CONSTANT_CONVERSION = YES;
				CLANG_WARN_DIRECT_OBJC_ISA_USAGE = YES_ERROR;
				CLANG_WARN_DOCUMENTATION_COMMENTS = YES;
				CLANG_WARN_EMPTY_BODY = YES;
				CLANG_WARN_ENUM_CONVERSION = YES;
				CLANG_WARN_INFINITE_RECURSION = YES;
				CLANG_WARN_INT_CONVERSION = YES;
				CLANG_WARN_OBJC_ROOT_CLASS = YES_ERROR;
				CLANG_WARN_SUSPICIOUS_MOVE = YES;
				CLANG_WARN_UNREACHABLE_CODE = YES;
				CLANG_WARN__DUPLICATE_METHOD_MATCH = YES;
				"CODE_SIGN_IDENTITY[sdk=iphoneos*]" = "iPhone Developer";
				COPY_PHASE_STRIP = NO;
				DEBUG_INFORMATION_FORMAT = dwarf;
				ENABLE_STRICT_OBJC_MSGSEND = YES;
				ENABLE_TESTABILITY = YES;
				GCC_C_LANGUAGE_STANDARD = gnu99;
				GCC_DYNAMIC_NO_PIC = NO;
				GCC_NO_COMMON_BLOCKS = YES;
				GCC_OPTIMIZATION_LEVEL = 0;
				GCC_PREPROCESSOR_DEFINITIONS = (
					"DEBUG=1",
					"$(inherited)",
				);
				GCC_WARN_64_TO_32_BIT_CONVERSION = YES;
				GCC_WARN_ABOUT_RETURN_TYPE = YES_ERROR;
				GCC_WARN_UNDECLARED_SELECTOR = YES;
				GCC_WARN_UNINITIALIZED_AUTOS = YES_AGGRESSIVE;
				GCC_WARN_UNUSED_FUNCTION = YES;
				GCC_WARN_UNUSED_VARIABLE = YES;
				IPHONEOS_DEPLOYMENT_TARGET = 10.2;
				MTL_ENABLE_DEBUG_INFO = YES;
				ONLY_ACTIVE_ARCH = YES;
				SDKROOT = iphoneos;
			};
			name = Debug;
		};
		BCA662CD1E8E38BD0007E370 /* Release */ = {
			isa = XCBuildConfiguration;
			buildSettings = {
				ALWAYS_SEARCH_USER_PATHS = NO;
				CLANG_ANALYZER_NONNULL = YES;
				CLANG_CXX_LANGUAGE_STANDARD = "gnu++0x";
				CLANG_CXX_LIBRARY = "libc++";
				CLANG_ENABLE_MODULES = YES;
				CLANG_ENABLE_OBJC_ARC = YES;
				CLANG_WARN_BOOL_CONVERSION = YES;
				CLANG_WARN_CONSTANT_CONVERSION = YES;
				CLANG_WARN_DIRECT_OBJC_ISA_USAGE = YES_ERROR;
				CLANG_WARN_DOCUMENTATION_COMMENTS = YES;
				CLANG_WARN_EMPTY_BODY = YES;
				CLANG_WARN_ENUM_CONVERSION = YES;
				CLANG_WARN_INFINITE_RECURSION = YES;
				CLANG_WARN_INT_CONVERSION = YES;
				CLANG_WARN_OBJC_ROOT_CLASS = YES_ERROR;
				CLANG_WARN_SUSPICIOUS_MOVE = YES;
				CLANG_WARN_UNREACHABLE_CODE = YES;
				CLANG_WARN__DUPLICATE_METHOD_MATCH = YES;
				"CODE_SIGN_IDENTITY[sdk=iphoneos*]" = "iPhone Developer";
				COPY_PHASE_STRIP = NO;
				DEBUG_INFORMATION_FORMAT = "dwarf-with-dsym";
				ENABLE_NS_ASSERTIONS = NO;
				ENABLE_STRICT_OBJC_MSGSEND = YES;
				GCC_C_LANGUAGE_STANDARD = gnu99;
				GCC_NO_COMMON_BLOCKS = YES;
				GCC_WARN_64_TO_32_BIT_CONVERSION = YES;
				GCC_WARN_ABOUT_RETURN_TYPE = YES_ERROR;
				GCC_WARN_UNDECLARED_SELECTOR = YES;
				GCC_WARN_UNINITIALIZED_AUTOS = YES_AGGRESSIVE;
				GCC_WARN_UNUSED_FUNCTION = YES;
				GCC_WARN_UNUSED_VARIABLE = YES;
				IPHONEOS_DEPLOYMENT_TARGET = 10.2;
				MTL_ENABLE_DEBUG_INFO = NO;
				SDKROOT = iphoneos;
				VALIDATE_PRODUCT = YES;
			};
			name = Release;
		};
		BCA662CF1E8E38BD0007E370 /* Debug */ = {
			isa = XCBuildConfiguration;
			buildSettings = {
				ASSETCATALOG_COMPILER_APPICON_NAME = AppIcon;
				DEVELOPMENT_TEAM = UFCM2756LW;
				INFOPLIST_FILE = Homepwner/Info.plist;
				IPHONEOS_DEPLOYMENT_TARGET = 9.3;
				LD_RUNPATH_SEARCH_PATHS = "$(inherited) @executable_path/Frameworks";
				PRODUCT_BUNDLE_IDENTIFIER = au.edu.unimelb.Homepwner;
				PRODUCT_NAME = "$(TARGET_NAME)";
			};
			name = Debug;
		};
		BCA662D01E8E38BD0007E370 /* Release */ = {
			isa = XCBuildConfiguration;
			buildSettings = {
				ASSETCATALOG_COMPILER_APPICON_NAME = AppIcon;
				DEVELOPMENT_TEAM = UFCM2756LW;
				INFOPLIST_FILE = Homepwner/Info.plist;
				IPHONEOS_DEPLOYMENT_TARGET = 9.3;
				LD_RUNPATH_SEARCH_PATHS = "$(inherited) @executable_path/Frameworks";
				PRODUCT_BUNDLE_IDENTIFIER = au.edu.unimelb.Homepwner;
				PRODUCT_NAME = "$(TARGET_NAME)";
			};
			name = Release;
		};
/* End XCBuildConfiguration section */

/* Begin XCConfigurationList section */
		BCA662B21E8E38BD0007E370 /* Build configuration list for PBXProject "Homepwner" */ = {
			isa = XCConfigurationList;
			buildConfigurations = (
				BCA662CC1E8E38BD0007E370 /* Debug */,
				BCA662CD1E8E38BD0007E370 /* Release */,
			);
			defaultConfigurationIsVisible = 0;
			defaultConfigurationName = Release;
		};
		BCA662CE1E8E38BD0007E370 /* Build configuration list for PBXNativeTarget "Homepwner" */ = {
			isa = XCConfigurationList;
			buildConfigurations = (
				BCA662CF1E8E38BD0007E370 /* Debug */,
				BCA662D01E8E38BD0007E370 /* Release */,
			);
			defaultConfigurationIsVisible = 0;
			defaultConfigurationName = Release;
		};
/* End XCConfigurationList section */
	};
	rootObject = BCA662AF1E8E38BD0007E370 /* Project object */;
}
