// !$*UTF8*$!
{
	archiveVersion = 1;
	classes = {
	};
	objectVersion = 46;
	objects = {

/* Begin PBXBuildFile section */
		BC7E59121E894EA800CA8AAD /* main.m in Sources */ = {isa = PBXBuildFile; fileRef = BC7E59111E894EA800CA8AAD /* main.m */; };
		BC7E59151E894EA800CA8AAD /* AppDelegate.m in Sources */ = {isa = PBXBuildFile; fileRef = BC7E59141E894EA800CA8AAD /* AppDelegate.m */; };
		BC7E591D1E894EA800CA8AAD /* Assets.xcassets in Resources */ = {isa = PBXBuildFile; fileRef = BC7E591C1E894EA800CA8AAD /* Assets.xcassets */; };
		BC7E592A1E894FC900CA8AAD /* BNRQuizViewController.m in Sources */ = {isa = PBXBuildFile; fileRef = BC7E59281E894FC900CA8AAD /* BNRQuizViewController.m */; };
		BC7E592B1E894FC900CA8AAD /* BNRQuizViewController.xib in Resources */ = {isa = PBXBuildFile; fileRef = BC7E59291E894FC900CA8AAD /* BNRQuizViewController.xib */; };
		BC7E592D1E895A0800CA8AAD /* Default-568h@2x.png in Resources */ = {isa = PBXBuildFile; fileRef = BC7E592C1E895A0800CA8AAD /* Default-568h@2x.png */; };
/* End PBXBuildFile section */

/* Begin PBXFileReference section */
		BC7E590D1E894EA800CA8AAD /* Quiz.app */ = {isa = PBXFileReference; explicitFileType = wrapper.application; includeInIndex = 0; path = Quiz.app; sourceTree = BUILT_PRODUCTS_DIR; };
		BC7E59111E894EA800CA8AAD /* main.m */ = {isa = PBXFileReference; lastKnownFileType = sourcecode.c.objc; path = main.m; sourceTree = "<group>"; };
		BC7E59131E894EA800CA8AAD /* AppDelegate.h */ = {isa = PBXFileReference; lastKnownFileType = sourcecode.c.h; path = AppDelegate.h; sourceTree = "<group>"; };
		BC7E59141E894EA800CA8AAD /* AppDelegate.m */ = {isa = PBXFileReference; lastKnownFileType = sourcecode.c.objc; path = AppDelegate.m; sourceTree = "<group>"; };
		BC7E591C1E894EA800CA8AAD /* Assets.xcassets */ = {isa = PBXFileReference; lastKnownFileType = folder.assetcatalog; path = Assets.xcassets; sourceTree = "<group>"; };
		BC7E59211E894EA800CA8AAD /* Info.plist */ = {isa = PBXFileReference; lastKnownFileType = text.plist.xml; path = Info.plist; sourceTree = "<group>"; };
		BC7E59271E894FC900CA8AAD /* BNRQuizViewController.h */ = {isa = PBXFileReference; fileEncoding = 4; lastKnownFileType = sourcecode.c.h; path = BNRQuizViewController.h; sourceTree = "<group>"; };
		BC7E59281E894FC900CA8AAD /* BNRQuizViewController.m */ = {isa = PBXFileReference; fileEncoding = 4; lastKnownFileType = sourcecode.c.objc; path = BNRQuizViewController.m; sourceTree = "<group>"; };
		BC7E59291E894FC900CA8AAD /* BNRQuizViewController.xib */ = {isa = PBXFileReference; fileEncoding = 4; lastKnownFileType = file.xib; path = BNRQuizViewController.xib; sourceTree = "<group>"; };
		BC7E592C1E895A0800CA8AAD /* Default-568h@2x.png */ = {isa = PBXFileReference; lastKnownFileType = image.png; path = "Default-568h@2x.png"; sourceTree = "<group>"; };
/* End PBXFileReference section */

/* Begin PBXFrameworksBuildPhase section */
		BC7E590A1E894EA800CA8AAD /* Frameworks */ = {
			isa = PBXFrameworksBuildPhase;
			buildActionMask = 2147483647;
			files = (
			);
			runOnlyForDeploymentPostprocessing = 0;
		};
/* End PBXFrameworksBuildPhase section */

/* Begin PBXGroup section */
		BC7E59041E894EA800CA8AAD = {
			isa = PBXGroup;
			children = (
				BC7E592C1E895A0800CA8AAD /* Default-568h@2x.png */,
				BC7E590F1E894EA800CA8AAD /* Quiz */,
				BC7E590E1E894EA800CA8AAD /* Products */,
			);
			sourceTree = "<group>";
		};
		BC7E590E1E894EA800CA8AAD /* Products */ = {
			isa = PBXGroup;
			children = (
				BC7E590D1E894EA800CA8AAD /* Quiz.app */,
			);
			name = Products;
			sourceTree = "<group>";
		};
		BC7E590F1E894EA800CA8AAD /* Quiz */ = {
			isa = PBXGroup;
			children = (
				BC7E59131E894EA800CA8AAD /* AppDelegate.h */,
				BC7E59141E894EA800CA8AAD /* AppDelegate.m */,
				BC7E591C1E894EA800CA8AAD /* Assets.xcassets */,
				BC7E59211E894EA800CA8AAD /* Info.plist */,
				BC7E59101E894EA800CA8AAD /* Supporting Files */,
				BC7E59271E894FC900CA8AAD /* BNRQuizViewController.h */,
				BC7E59281E894FC900CA8AAD /* BNRQuizViewController.m */,
				BC7E59291E894FC900CA8AAD /* BNRQuizViewController.xib */,
			);
			path = Quiz;
			sourceTree = "<group>";
		};
		BC7E59101E894EA800CA8AAD /* Supporting Files */ = {
			isa = PBXGroup;
			children = (
				BC7E59111E894EA800CA8AAD /* main.m */,
			);
			name = "Supporting Files";
			sourceTree = "<group>";
		};
/* End PBXGroup section */

/* Begin PBXNativeTarget section */
		BC7E590C1E894EA800CA8AAD /* Quiz */ = {
			isa = PBXNativeTarget;
			buildConfigurationList = BC7E59241E894EA800CA8AAD /* Build configuration list for PBXNativeTarget "Quiz" */;
			buildPhases = (
				BC7E59091E894EA800CA8AAD /* Sources */,
				BC7E590A1E894EA800CA8AAD /* Frameworks */,
				BC7E590B1E894EA800CA8AAD /* Resources */,
			);
			buildRules = (
			);
			dependencies = (
			);
			name = Quiz;
			productName = Quiz;
			productReference = BC7E590D1E894EA800CA8AAD /* Quiz.app */;
			productType = "com.apple.product-type.application";
		};
/* End PBXNativeTarget section */

/* Begin PBXProject section */
		BC7E59051E894EA800CA8AAD /* Project object */ = {
			isa = PBXProject;
			attributes = {
				LastUpgradeCheck = 0820;
				ORGANIZATIONNAME = unimelb;
				TargetAttributes = {
					BC7E590C1E894EA800CA8AAD = {
						CreatedOnToolsVersion = 8.2.1;
						DevelopmentTeam = UFCM2756LW;
						ProvisioningStyle = Automatic;
					};
				};
			};
			buildConfigurationList = BC7E59081E894EA800CA8AAD /* Build configuration list for PBXProject "Quiz" */;
			compatibilityVersion = "Xcode 3.2";
			developmentRegion = English;
			hasScannedForEncodings = 0;
			knownRegions = (
				en,
				Base,
			);
			mainGroup = BC7E59041E894EA800CA8AAD;
			productRefGroup = BC7E590E1E894EA800CA8AAD /* Products */;
			projectDirPath = "";
			projectRoot = "";
			targets = (
				BC7E590C1E894EA800CA8AAD /* Quiz */,
			);
		};
/* End PBXProject section */

/* Begin PBXResourcesBuildPhase section */
		BC7E590B1E894EA800CA8AAD /* Resources */ = {
			isa = PBXResourcesBuildPhase;
			buildActionMask = 2147483647;
			files = (
				BC7E592B1E894FC900CA8AAD /* BNRQuizViewController.xib in Resources */,
				BC7E591D1E894EA800CA8AAD /* Assets.xcassets in Resources */,
				BC7E592D1E895A0800CA8AAD /* Default-568h@2x.png in Resources */,
			);
			runOnlyForDeploymentPostprocessing = 0;
		};
/* End PBXResourcesBuildPhase section */

/* Begin PBXSourcesBuildPhase section */
		BC7E59091E894EA800CA8AAD /* Sources */ = {
			isa = PBXSourcesBuildPhase;
			buildActionMask = 2147483647;
			files = (
				BC7E59151E894EA800CA8AAD /* AppDelegate.m in Sources */,
				BC7E59121E894EA800CA8AAD /* main.m in Sources */,
				BC7E592A1E894FC900CA8AAD /* BNRQuizViewController.m in Sources */,
			);
			runOnlyForDeploymentPostprocessing = 0;
		};
/* End PBXSourcesBuildPhase section */

/* Begin XCBuildConfiguration section */
		BC7E59221E894EA800CA8AAD /* Debug */ = {
			isa = XCBuildConfiguration;
			buildSettings = {
				ALWAYS_SEARCH_USER_PATHS = NO;
				CLANG_ANALYZER_NONNULL = YES;
				CLANG_CXX_LANGUAGE_STANDARD = "gnu++0x";
				CLANG_CXX_LIBRARY = "libc++";
				CLANG_ENABLE_MODULES = YES;
				CLANG_ENABLE_OBJC_ARC = YES;
				CLANG_WARN_BOOL_CONVERSION = YES;
				CLANG_WARN_CONSTANT_CONVERSION = YES;
				CLANG_WARN_DIRECT_OBJC_ISA_USAGE = YES_ERROR;
				CLANG_WARN_DOCUMENTATION_COMMENTS = YES;
				CLANG_WARN_EMPTY_BODY = YES;
				CLANG_WARN_ENUM_CONVERSION = YES;
				CLANG_WARN_INFINITE_RECURSION = YES;
				CLANG_WARN_INT_CONVERSION = YES;
				CLANG_WARN_OBJC_ROOT_CLASS = YES_ERROR;
				CLANG_WARN_SUSPICIOUS_MOVE = YES;
				CLANG_WARN_UNREACHABLE_CODE = YES;
				CLANG_WARN__DUPLICATE_METHOD_MATCH = YES;
				"CODE_SIGN_IDENTITY[sdk=iphoneos*]" = "iPhone Developer";
				COPY_PHASE_STRIP = NO;
				DEBUG_INFORMATION_FORMAT = dwarf;
				ENABLE_STRICT_OBJC_MSGSEND = YES;
				ENABLE_TESTABILITY = YES;
				GCC_C_LANGUAGE_STANDARD = gnu99;
				GCC_DYNAMIC_NO_PIC = NO;
				GCC_NO_COMMON_BLOCKS = YES;
				GCC_OPTIMIZATION_LEVEL = 0;
				GCC_PREPROCESSOR_DEFINITIONS = (
					"DEBUG=1",
					"$(inherited)",
				);
				GCC_WARN_64_TO_32_BIT_CONVERSION = YES;
				GCC_WARN_ABOUT_RETURN_TYPE = YES_ERROR;
				GCC_WARN_UNDECLARED_SELECTOR = YES;
				GCC_WARN_UNINITIALIZED_AUTOS = YES_AGGRESSIVE;
				GCC_WARN_UNUSED_FUNCTION = YES;
				GCC_WARN_UNUSED_VARIABLE = YES;
				IPHONEOS_DEPLOYMENT_TARGET = 10.2;
				MTL_ENABLE_DEBUG_INFO = YES;
				ONLY_ACTIVE_ARCH = YES;
				SDKROOT = iphoneos;
			};
			name = Debug;
		};
		BC7E59231E894EA800CA8AAD /* Release */ = {
			isa = XCBuildConfiguration;
			buildSettings = {
				ALWAYS_SEARCH_USER_PATHS = NO;
				CLANG_ANALYZER_NONNULL = YES;
				CLANG_CXX_LANGUAGE_STANDARD = "gnu++0x";
				CLANG_CXX_LIBRARY = "libc++";
				CLANG_ENABLE_MODULES = YES;
				CLANG_ENABLE_OBJC_ARC = YES;
				CLANG_WARN_BOOL_CONVERSION = YES;
				CLANG_WARN_CONSTANT_CONVERSION = YES;
				CLANG_WARN_DIRECT_OBJC_ISA_USAGE = YES_ERROR;
				CLANG_WARN_DOCUMENTATION_COMMENTS = YES;
				CLANG_WARN_EMPTY_BODY = YES;
				CLANG_WARN_ENUM_CONVERSION = YES;
				CLANG_WARN_INFINITE_RECURSION = YES;
				CLANG_WARN_INT_CONVERSION = YES;
				CLANG_WARN_OBJC_ROOT_CLASS = YES_ERROR;
				CLANG_WARN_SUSPICIOUS_MOVE = YES;
				CLANG_WARN_UNREACHABLE_CODE = YES;
				CLANG_WARN__DUPLICATE_METHOD_MATCH = YES;
				"CODE_SIGN_IDENTITY[sdk=iphoneos*]" = "iPhone Developer";
				COPY_PHASE_STRIP = NO;
				DEBUG_INFORMATION_FORMAT = "dwarf-with-dsym";
				ENABLE_NS_ASSERTIONS = NO;
				ENABLE_STRICT_OBJC_MSGSEND = YES;
				GCC_C_LANGUAGE_STANDARD = gnu99;
				GCC_NO_COMMON_BLOCKS = YES;
				GCC_WARN_64_TO_32_BIT_CONVERSION = YES;
				GCC_WARN_ABOUT_RETURN_TYPE = YES_ERROR;
				GCC_WARN_UNDECLARED_SELECTOR = YES;
				GCC_WARN_UNINITIALIZED_AUTOS = YES_AGGRESSIVE;
				GCC_WARN_UNUSED_FUNCTION = YES;
				GCC_WARN_UNUSED_VARIABLE = YES;
				IPHONEOS_DEPLOYMENT_TARGET = 10.2;
				MTL_ENABLE_DEBUG_INFO = NO;
				SDKROOT = iphoneos;
				VALIDATE_PRODUCT = YES;
			};
			name = Release;
		};
		BC7E59251E894EA800CA8AAD /* Debug */ = {
			isa = XCBuildConfiguration;
			buildSettings = {
				ASSETCATALOG_COMPILER_APPICON_NAME = AppIcon;
				DEVELOPMENT_TEAM = UFCM2756LW;
				INFOPLIST_FILE = Quiz/Info.plist;
				LD_RUNPATH_SEARCH_PATHS = "$(inherited) @executable_path/Frameworks";
				PRODUCT_BUNDLE_IDENTIFIER = au.edu.unimelb.Quiz;
				PRODUCT_NAME = "$(TARGET_NAME)";
			};
			name = Debug;
		};
		BC7E59261E894EA800CA8AAD /* Release */ = {
			isa = XCBuildConfiguration;
			buildSettings = {
				ASSETCATALOG_COMPILER_APPICON_NAME = AppIcon;
				DEVELOPMENT_TEAM = UFCM2756LW;
				INFOPLIST_FILE = Quiz/Info.plist;
				LD_RUNPATH_SEARCH_PATHS = "$(inherited) @executable_path/Frameworks";
				PRODUCT_BUNDLE_IDENTIFIER = au.edu.unimelb.Quiz;
				PRODUCT_NAME = "$(TARGET_NAME)";
			};
			name = Release;
		};
/* End XCBuildConfiguration section */

/* Begin XCConfigurationList section */
		BC7E59081E894EA800CA8AAD /* Build configuration list for PBXProject "Quiz" */ = {
			isa = XCConfigurationList;
			buildConfigurations = (
				BC7E59221E894EA800CA8AAD /* Debug */,
				BC7E59231E894EA800CA8AAD /* Release */,
			);
			defaultConfigurationIsVisible = 0;
			defaultConfigurationName = Release;
		};
		BC7E59241E894EA800CA8AAD /* Build configuration list for PBXNativeTarget "Quiz" */ = {
			isa = XCConfigurationList;
			buildConfigurations = (
				BC7E59251E894EA800CA8AAD /* Debug */,
				BC7E59261E894EA800CA8AAD /* Release */,
			);
			defaultConfigurationIsVisible = 0;
		};
/* End XCConfigurationList section */
	};
	rootObject = BC7E59051E894EA800CA8AAD /* Project object */;
}
