// !$*UTF8*$!
{
	archiveVersion = 1;
	classes = {
	};
	objectVersion = 46;
	objects = {

/* Begin PBXBuildFile section */
		BC3E3EF11E8A16AD001F35F6 /* main.m in Sources */ = {isa = PBXBuildFile; fileRef = BC3E3EF01E8A16AD001F35F6 /* main.m */; };
		BC3E3EF41E8A16AD001F35F6 /* AppDelegate.m in Sources */ = {isa = PBXBuildFile; fileRef = BC3E3EF31E8A16AD001F35F6 /* AppDelegate.m */; };
		BC3E3EF71E8A16AD001F35F6 /* ViewController.m in Sources */ = {isa = PBXBuildFile; fileRef = BC3E3EF61E8A16AD001F35F6 /* ViewController.m */; };
		BC3E3EFA1E8A16AD001F35F6 /* Main.storyboard in Resources */ = {isa = PBXBuildFile; fileRef = BC3E3EF81E8A16AD001F35F6 /* Main.storyboard */; };
		BC3E3EFC1E8A16AD001F35F6 /* Assets.xcassets in Resources */ = {isa = PBXBuildFile; fileRef = BC3E3EFB1E8A16AD001F35F6 /* Assets.xcassets */; };
		BC3E3EFF1E8A16AD001F35F6 /* LaunchScreen.storyboard in Resources */ = {isa = PBXBuildFile; fileRef = BC3E3EFD1E8A16AD001F35F6 /* LaunchScreen.storyboard */; };
		BC3E3F081E8A1CC1001F35F6 /* BNRHypnosisView.m in Sources */ = {isa = PBXBuildFile; fileRef = BC3E3F071E8A1CC1001F35F6 /* BNRHypnosisView.m */; };
/* End PBXBuildFile section */

/* Begin PBXFileReference section */
		BC3E3EEC1E8A16AD001F35F6 /* Hypnosister.app */ = {isa = PBXFileReference; explicitFileType = wrapper.application; includeInIndex = 0; path = Hypnosister.app; sourceTree = BUILT_PRODUCTS_DIR; };
		BC3E3EF01E8A16AD001F35F6 /* main.m */ = {isa = PBXFileReference; lastKnownFileType = sourcecode.c.objc; path = main.m; sourceTree = "<group>"; };
		BC3E3EF21E8A16AD001F35F6 /* AppDelegate.h */ = {isa = PBXFileReference; lastKnownFileType = sourcecode.c.h; path = AppDelegate.h; sourceTree = "<group>"; };
		BC3E3EF31E8A16AD001F35F6 /* AppDelegate.m */ = {isa = PBXFileReference; lastKnownFileType = sourcecode.c.objc; path = AppDelegate.m; sourceTree = "<group>"; };
		BC3E3EF51E8A16AD001F35F6 /* ViewController.h */ = {isa = PBXFileReference; lastKnownFileType = sourcecode.c.h; path = ViewController.h; sourceTree = "<group>"; };
		BC3E3EF61E8A16AD001F35F6 /* ViewController.m */ = {isa = PBXFileReference; lastKnownFileType = sourcecode.c.objc; path = ViewController.m; sourceTree = "<group>"; };
		BC3E3EF91E8A16AD001F35F6 /* Base */ = {isa = PBXFileReference; lastKnownFileType = file.storyboard; name = Base; path = Base.lproj/Main.storyboard; sourceTree = "<group>"; };
		BC3E3EFB1E8A16AD001F35F6 /* Assets.xcassets */ = {isa = PBXFileReference; lastKnownFileType = folder.assetcatalog; path = Assets.xcassets; sourceTree = "<group>"; };
		BC3E3EFE1E8A16AD001F35F6 /* Base */ = {isa = PBXFileReference; lastKnownFileType = file.storyboard; name = Base; path = Base.lproj/LaunchScreen.storyboard; sourceTree = "<group>"; };
		BC3E3F001E8A16AD001F35F6 /* Info.plist */ = {isa = PBXFileReference; lastKnownFileType = text.plist.xml; path = Info.plist; sourceTree = "<group>"; };
		BC3E3F061E8A1CC1001F35F6 /* BNRHypnosisView.h */ = {isa = PBXFileReference; fileEncoding = 4; lastKnownFileType = sourcecode.c.h; path = BNRHypnosisView.h; sourceTree = "<group>"; };
		BC3E3F071E8A1CC1001F35F6 /* BNRHypnosisView.m */ = {isa = PBXFileReference; fileEncoding = 4; lastKnownFileType = sourcecode.c.objc; path = BNRHypnosisView.m; sourceTree = "<group>"; };
/* End PBXFileReference section */

/* Begin PBXFrameworksBuildPhase section */
		BC3E3EE91E8A16AD001F35F6 /* Frameworks */ = {
			isa = PBXFrameworksBuildPhase;
			buildActionMask = 2147483647;
			files = (
			);
			runOnlyForDeploymentPostprocessing = 0;
		};
/* End PBXFrameworksBuildPhase section */

/* Begin PBXGroup section */
		BC3E3EE31E8A16AD001F35F6 = {
			isa = PBXGroup;
			children = (
				BC3E3EEE1E8A16AD001F35F6 /* Hypnosister */,
				BC3E3EED1E8A16AD001F35F6 /* Products */,
			);
			sourceTree = "<group>";
		};
		BC3E3EED1E8A16AD001F35F6 /* Products */ = {
			isa = PBXGroup;
			children = (
				BC3E3EEC1E8A16AD001F35F6 /* Hypnosister.app */,
			);
			name = Products;
			sourceTree = "<group>";
		};
		BC3E3EEE1E8A16AD001F35F6 /* Hypnosister */ = {
			isa = PBXGroup;
			children = (
				BC3E3EF21E8A16AD001F35F6 /* AppDelegate.h */,
				BC3E3EF31E8A16AD001F35F6 /* AppDelegate.m */,
				BC3E3EF51E8A16AD001F35F6 /* ViewController.h */,
				BC3E3EF61E8A16AD001F35F6 /* ViewController.m */,
				BC3E3EF81E8A16AD001F35F6 /* Main.storyboard */,
				BC3E3EFB1E8A16AD001F35F6 /* Assets.xcassets */,
				BC3E3EFD1E8A16AD001F35F6 /* LaunchScreen.storyboard */,
				BC3E3F001E8A16AD001F35F6 /* Info.plist */,
				BC3E3EEF1E8A16AD001F35F6 /* Supporting Files */,
				BC3E3F061E8A1CC1001F35F6 /* BNRHypnosisView.h */,
				BC3E3F071E8A1CC1001F35F6 /* BNRHypnosisView.m */,
			);
			path = Hypnosister;
			sourceTree = "<group>";
		};
		BC3E3EEF1E8A16AD001F35F6 /* Supporting Files */ = {
			isa = PBXGroup;
			children = (
				BC3E3EF01E8A16AD001F35F6 /* main.m */,
			);
			name = "Supporting Files";
			sourceTree = "<group>";
		};
/* End PBXGroup section */

/* Begin PBXNativeTarget section */
		BC3E3EEB1E8A16AD001F35F6 /* Hypnosister */ = {
			isa = PBXNativeTarget;
			buildConfigurationList = BC3E3F031E8A16AD001F35F6 /* Build configuration list for PBXNativeTarget "Hypnosister" */;
			buildPhases = (
				BC3E3EE81E8A16AD001F35F6 /* Sources */,
				BC3E3EE91E8A16AD001F35F6 /* Frameworks */,
				BC3E3EEA1E8A16AD001F35F6 /* Resources */,
			);
			buildRules = (
			);
			dependencies = (
			);
			name = Hypnosister;
			productName = Hypnosister;
			productReference = BC3E3EEC1E8A16AD001F35F6 /* Hypnosister.app */;
			productType = "com.apple.product-type.application";
		};
/* End PBXNativeTarget section */

/* Begin PBXProject section */
		BC3E3EE41E8A16AD001F35F6 /* Project object */ = {
			isa = PBXProject;
			attributes = {
				LastUpgradeCheck = 0820;
				ORGANIZATIONNAME = unimelb;
				TargetAttributes = {
					BC3E3EEB1E8A16AD001F35F6 = {
						CreatedOnToolsVersion = 8.2.1;
						DevelopmentTeam = UFCM2756LW;
						ProvisioningStyle = Automatic;
					};
				};
			};
			buildConfigurationList = BC3E3EE71E8A16AD001F35F6 /* Build configuration list for PBXProject "Hypnosister" */;
			compatibilityVersion = "Xcode 3.2";
			developmentRegion = English;
			hasScannedForEncodings = 0;
			knownRegions = (
				en,
				Base,
			);
			mainGroup = BC3E3EE31E8A16AD001F35F6;
			productRefGroup = BC3E3EED1E8A16AD001F35F6 /* Products */;
			projectDirPath = "";
			projectRoot = "";
			targets = (
				BC3E3EEB1E8A16AD001F35F6 /* Hypnosister */,
			);
		};
/* End PBXProject section */

/* Begin PBXResourcesBuildPhase section */
		BC3E3EEA1E8A16AD001F35F6 /* Resources */ = {
			isa = PBXResourcesBuildPhase;
			buildActionMask = 2147483647;
			files = (
				BC3E3EFF1E8A16AD001F35F6 /* LaunchScreen.storyboard in Resources */,
				BC3E3EFC1E8A16AD001F35F6 /* Assets.xcassets in Resources */,
				BC3E3EFA1E8A16AD001F35F6 /* Main.storyboard in Resources */,
			);
			runOnlyForDeploymentPostprocessing = 0;
		};
/* End PBXResourcesBuildPhase section */

/* Begin PBXSourcesBuildPhase section */
		BC3E3EE81E8A16AD001F35F6 /* Sources */ = {
			isa = PBXSourcesBuildPhase;
			buildActionMask = 2147483647;
			files = (
				BC3E3EF71E8A16AD001F35F6 /* ViewController.m in Sources */,
				BC3E3EF41E8A16AD001F35F6 /* AppDelegate.m in Sources */,
				BC3E3F081E8A1CC1001F35F6 /* BNRHypnosisView.m in Sources */,
				BC3E3EF11E8A16AD001F35F6 /* main.m in Sources */,
			);
			runOnlyForDeploymentPostprocessing = 0;
		};
/* End PBXSourcesBuildPhase section */

/* Begin PBXVariantGroup section */
		BC3E3EF81E8A16AD001F35F6 /* Main.storyboard */ = {
			isa = PBXVariantGroup;
			children = (
				BC3E3EF91E8A16AD001F35F6 /* Base */,
			);
			name = Main.storyboard;
			sourceTree = "<group>";
		};
		BC3E3EFD1E8A16AD001F35F6 /* LaunchScreen.storyboard */ = {
			isa = PBXVariantGroup;
			children = (
				BC3E3EFE1E8A16AD001F35F6 /* Base */,
			);
			name = LaunchScreen.storyboard;
			sourceTree = "<group>";
		};
/* End PBXVariantGroup section */

/* Begin XCBuildConfiguration section */
		BC3E3F011E8A16AD001F35F6 /* Debug */ = {
			isa = XCBuildConfiguration;
			buildSettings = {
				ALWAYS_SEARCH_USER_PATHS = NO;
				CLANG_ANALYZER_NONNULL = YES;
				CLANG_CXX_LANGUAGE_STANDARD = "gnu++0x";
				CLANG_CXX_LIBRARY = "libc++";
				CLANG_ENABLE_MODULES = YES;
				CLANG_ENABLE_OBJC_ARC = YES;
				CLANG_WARN_BOOL_CONVERSION = YES;
				CLANG_WARN_CONSTANT_CONVERSION = YES;
				CLANG_WARN_DIRECT_OBJC_ISA_USAGE = YES_ERROR;
				CLANG_WARN_DOCUMENTATION_COMMENTS = YES;
				CLANG_WARN_EMPTY_BODY = YES;
				CLANG_WARN_ENUM_CONVERSION = YES;
				CLANG_WARN_INFINITE_RECURSION = YES;
				CLANG_WARN_INT_CONVERSION = YES;
				CLANG_WARN_OBJC_ROOT_CLASS = YES_ERROR;
				CLANG_WARN_SUSPICIOUS_MOVE = YES;
				CLANG_WARN_UNREACHABLE_CODE = YES;
				CLANG_WARN__DUPLICATE_METHOD_MATCH = YES;
				"CODE_SIGN_IDENTITY[sdk=iphoneos*]" = "iPhone Developer";
				COPY_PHASE_STRIP = NO;
				DEBUG_INFORMATION_FORMAT = dwarf;
				ENABLE_STRICT_OBJC_MSGSEND = YES;
				ENABLE_TESTABILITY = YES;
				GCC_C_LANGUAGE_STANDARD = gnu99;
				GCC_DYNAMIC_NO_PIC = NO;
				GCC_NO_COMMON_BLOCKS = YES;
				GCC_OPTIMIZATION_LEVEL = 0;
				GCC_PREPROCESSOR_DEFINITIONS = (
					"DEBUG=1",
					"$(inherited)",
				);
				GCC_WARN_64_TO_32_BIT_CONVERSION = YES;
				GCC_WARN_ABOUT_RETURN_TYPE = YES_ERROR;
				GCC_WARN_UNDECLARED_SELECTOR = YES;
				GCC_WARN_UNINITIALIZED_AUTOS = YES_AGGRESSIVE;
				GCC_WARN_UNUSED_FUNCTION = YES;
				GCC_WARN_UNUSED_VARIABLE = YES;
				IPHONEOS_DEPLOYMENT_TARGET = 10.2;
				MTL_ENABLE_DEBUG_INFO = YES;
				ONLY_ACTIVE_ARCH = YES;
				SDKROOT = iphoneos;
			};
			name = Debug;
		};
		BC3E3F021E8A16AD001F35F6 /* Release */ = {
			isa = XCBuildConfiguration;
			buildSettings = {
				ALWAYS_SEARCH_USER_PATHS = NO;
				CLANG_ANALYZER_NONNULL = YES;
				CLANG_CXX_LANGUAGE_STANDARD = "gnu++0x";
				CLANG_CXX_LIBRARY = "libc++";
				CLANG_ENABLE_MODULES = YES;
				CLANG_ENABLE_OBJC_ARC = YES;
				CLANG_WARN_BOOL_CONVERSION = YES;
				CLANG_WARN_CONSTANT_CONVERSION = YES;
				CLANG_WARN_DIRECT_OBJC_ISA_USAGE = YES_ERROR;
				CLANG_WARN_DOCUMENTATION_COMMENTS = YES;
				CLANG_WARN_EMPTY_BODY = YES;
				CLANG_WARN_ENUM_CONVERSION = YES;
				CLANG_WARN_INFINITE_RECURSION = YES;
				CLANG_WARN_INT_CONVERSION = YES;
				CLANG_WARN_OBJC_ROOT_CLASS = YES_ERROR;
				CLANG_WARN_SUSPICIOUS_MOVE = YES;
				CLANG_WARN_UNREACHABLE_CODE = YES;
				CLANG_WARN__DUPLICATE_METHOD_MATCH = YES;
				"CODE_SIGN_IDENTITY[sdk=iphoneos*]" = "iPhone Developer";
				COPY_PHASE_STRIP = NO;
				DEBUG_INFORMATION_FORMAT = "dwarf-with-dsym";
				ENABLE_NS_ASSERTIONS = NO;
				ENABLE_STRICT_OBJC_MSGSEND = YES;
				GCC_C_LANGUAGE_STANDARD = gnu99;
				GCC_NO_COMMON_BLOCKS = YES;
				GCC_WARN_64_TO_32_BIT_CONVERSION = YES;
				GCC_WARN_ABOUT_RETURN_TYPE = YES_ERROR;
				GCC_WARN_UNDECLARED_SELECTOR = YES;
				GCC_WARN_UNINITIALIZED_AUTOS = YES_AGGRESSIVE;
				GCC_WARN_UNUSED_FUNCTION = YES;
				GCC_WARN_UNUSED_VARIABLE = YES;
				IPHONEOS_DEPLOYMENT_TARGET = 10.2;
				MTL_ENABLE_DEBUG_INFO = NO;
				SDKROOT = iphoneos;
				VALIDATE_PRODUCT = YES;
			};
			name = Release;
		};
		BC3E3F041E8A16AD001F35F6 /* Debug */ = {
			isa = XCBuildConfiguration;
			buildSettings = {
				ASSETCATALOG_COMPILER_APPICON_NAME = AppIcon;
				"CODE_SIGN_IDENTITY[sdk=iphoneos*]" = "iPhone Developer";
				DEVELOPMENT_TEAM = UFCM2756LW;
				INFOPLIST_FILE = Hypnosister/Info.plist;
				IPHONEOS_DEPLOYMENT_TARGET = 9.3;
				LD_RUNPATH_SEARCH_PATHS = "$(inherited) @executable_path/Frameworks";
				PRODUCT_BUNDLE_IDENTIFIER = au.edu.unimelb.Hypnosister;
				PRODUCT_NAME = "$(TARGET_NAME)";
			};
			name = Debug;
		};
		BC3E3F051E8A16AD001F35F6 /* Release */ = {
			isa = XCBuildConfiguration;
			buildSettings = {
				ASSETCATALOG_COMPILER_APPICON_NAME = AppIcon;
				"CODE_SIGN_IDENTITY[sdk=iphoneos*]" = "iPhone Developer";
				DEVELOPMENT_TEAM = UFCM2756LW;
				INFOPLIST_FILE = Hypnosister/Info.plist;
				IPHONEOS_DEPLOYMENT_TARGET = 9.3;
				LD_RUNPATH_SEARCH_PATHS = "$(inherited) @executable_path/Frameworks";
				PRODUCT_BUNDLE_IDENTIFIER = au.edu.unimelb.Hypnosister;
				PRODUCT_NAME = "$(TARGET_NAME)";
			};
			name = Release;
		};
/* End XCBuildConfiguration section */

/* Begin XCConfigurationList section */
		BC3E3EE71E8A16AD001F35F6 /* Build configuration list for PBXProject "Hypnosister" */ = {
			isa = XCConfigurationList;
			buildConfigurations = (
				BC3E3F011E8A16AD001F35F6 /* Debug */,
				BC3E3F021E8A16AD001F35F6 /* Release */,
			);
			defaultConfigurationIsVisible = 0;
			defaultConfigurationName = Release;
		};
		BC3E3F031E8A16AD001F35F6 /* Build configuration list for PBXNativeTarget "Hypnosister" */ = {
			isa = XCConfigurationList;
			buildConfigurations = (
				BC3E3F041E8A16AD001F35F6 /* Debug */,
				BC3E3F051E8A16AD001F35F6 /* Release */,
			);
			defaultConfigurationIsVisible = 0;
		};
/* End XCConfigurationList section */
	};
	rootObject = BC3E3EE41E8A16AD001F35F6 /* Project object */;
}
